
Microsoft Visual Studio Solution File, Format Version 12.00
# Visual Studio Version 16
VisualStudioVersion = 16.0.30523.141
MinimumVisualStudioVersion = 10.0.40219.1
Project("{FAE04EC0-301F-11D3-BF4B-00C04F79EFBC}") = "SistemaPOS", "SistemaPOS\SistemaPOS.csproj", "{786E170A-2705-4F31-9BCF-360A2F1826D9}"
EndProject
Project("{FAE04EC0-301F-11D3-BF4B-00C04F79EFBC}") = "LibreriaDLL", "LibreriaDLL\LibreriaDLL.csproj", "{6CCD7A90-8A02-4E3E-BED3-55078803B50A}"
EndProject
Global
	GlobalSection(SolutionConfigurationPlatforms) = preSolution
		Debug|Any CPU = Debug|Any CPU
		Release|Any CPU = Release|Any CPU
	EndGlobalSection
	GlobalSection(ProjectConfigurationPlatforms) = postSolution
		{786E170A-2705-4F31-9BCF-360A2F1826D9}.Debug|Any CPU.ActiveCfg = Debug|Any CPU
		{786E170A-2705-4F31-9BCF-360A2F1826D9}.Debug|Any CPU.Build.0 = Debug|Any CPU
		{786E170A-2705-4F31-9BCF-360A2F1826D9}.Release|Any CPU.ActiveCfg = Release|Any CPU
		{786E170A-2705-4F31-9BCF-360A2F1826D9}.Release|Any CPU.Build.0 = Release|Any CPU
		{6CCD7A90-8A02-4E3E-BED3-55078803B50A}.Debug|Any CPU.ActiveCfg = Debug|Any CPU
		{6CCD7A90-8A02-4E3E-BED3-55078803B50A}.Debug|Any CPU.Build.0 = Debug|Any CPU
		{6CCD7A90-8A02-4E3E-BED3-55078803B50A}.Release|Any CPU.ActiveCfg = Release|Any CPU
		{6CCD7A90-8A02-4E3E-BED3-55078803B50A}.Release|Any CPU.Build.0 = Release|Any CPU
	EndGlobalSection
	GlobalSection(SolutionProperties) = preSolution
		HideSolutionNode = FALSE
	EndGlobalSection
	GlobalSection(ExtensibilityGlobals) = postSolution
		SolutionGuid = {7E57DF25-59D6-49AF-B6CE-BBB4D304DAE4}
	EndGlobalSection
EndGlobal
